// !$*UTF8*$!
{
	archiveVersion = 1;
	classes = {
	};
	objectVersion = 56;
	objects = {

/* Begin PBXBuildFile section */
		7520825F2BF8EC5100E7B0C2 /* countries.json in Resources */ = {isa = PBXBuildFile; fileRef = 7520825E2BF8EC5100E7B0C2 /* countries.json */; };
		75287F542BFA5C2400FA0E23 /* OnboardingItem.swift in Sources */ = {isa = PBXBuildFile; fileRef = 75287F532BFA5C2300FA0E23 /* OnboardingItem.swift */; };
		75287F562BFA5C8B00FA0E23 /* OnboardingItemData.swift in Sources */ = {isa = PBXBuildFile; fileRef = 75287F552BFA5C8B00FA0E23 /* OnboardingItemData.swift */; };
		75287F582BFA5F4200FA0E23 /* OnboardingCardItem.swift in Sources */ = {isa = PBXBuildFile; fileRef = 75287F572BFA5F4200FA0E23 /* OnboardingCardItem.swift */; };
		75287F5A2BFA5FDE00FA0E23 /* StartButton.swift in Sources */ = {isa = PBXBuildFile; fileRef = 75287F592BFA5FDE00FA0E23 /* StartButton.swift */; };
		7590C6D42BF4A1F3003F5F5C /* AuthViewModel.swift in Sources */ = {isa = PBXBuildFile; fileRef = 7590C6D32BF4A1F3003F5F5C /* AuthViewModel.swift */; };
		7590C6D72BF4A3AF003F5F5C /* FirebaseAppDistribution-Beta in Frameworks */ = {isa = PBXBuildFile; productRef = 7590C6D62BF4A3AF003F5F5C /* FirebaseAppDistribution-Beta */; };
		7590C6D92BF4A3AF003F5F5C /* FirebaseAuth in Frameworks */ = {isa = PBXBuildFile; productRef = 7590C6D82BF4A3AF003F5F5C /* FirebaseAuth */; };
		7590C6DB2BF4A3AF003F5F5C /* FirebaseAuthCombine-Community in Frameworks */ = {isa = PBXBuildFile; productRef = 7590C6DA2BF4A3AF003F5F5C /* FirebaseAuthCombine-Community */; };
		7590C6DD2BF4A3AF003F5F5C /* FirebaseCrashlytics in Frameworks */ = {isa = PBXBuildFile; productRef = 7590C6DC2BF4A3AF003F5F5C /* FirebaseCrashlytics */; };
		7590C6DF2BF4A3AF003F5F5C /* FirebaseDatabase in Frameworks */ = {isa = PBXBuildFile; productRef = 7590C6DE2BF4A3AF003F5F5C /* FirebaseDatabase */; };
		7590C6E12BF4A3AF003F5F5C /* FirebaseDatabaseSwift in Frameworks */ = {isa = PBXBuildFile; productRef = 7590C6E02BF4A3AF003F5F5C /* FirebaseDatabaseSwift */; };
		7590C6E32BF4A3AF003F5F5C /* FirebaseDynamicLinks in Frameworks */ = {isa = PBXBuildFile; productRef = 7590C6E22BF4A3AF003F5F5C /* FirebaseDynamicLinks */; };
		7590C6E52BF4A3AF003F5F5C /* FirebaseFirestore in Frameworks */ = {isa = PBXBuildFile; productRef = 7590C6E42BF4A3AF003F5F5C /* FirebaseFirestore */; };
		7590C6E72BF4A3AF003F5F5C /* FirebaseFirestoreCombine-Community in Frameworks */ = {isa = PBXBuildFile; productRef = 7590C6E62BF4A3AF003F5F5C /* FirebaseFirestoreCombine-Community */; };
		7590C6E92BF4A3AF003F5F5C /* FirebaseFirestoreSwift in Frameworks */ = {isa = PBXBuildFile; productRef = 7590C6E82BF4A3AF003F5F5C /* FirebaseFirestoreSwift */; };
		7590C6EB2BF4A3AF003F5F5C /* FirebaseFunctions in Frameworks */ = {isa = PBXBuildFile; productRef = 7590C6EA2BF4A3AF003F5F5C /* FirebaseFunctions */; };
		7590C6ED2BF4A3AF003F5F5C /* FirebaseFunctionsCombine-Community in Frameworks */ = {isa = PBXBuildFile; productRef = 7590C6EC2BF4A3AF003F5F5C /* FirebaseFunctionsCombine-Community */; };
		7590C6EF2BF4A3AF003F5F5C /* FirebaseInAppMessaging-Beta in Frameworks */ = {isa = PBXBuildFile; productRef = 7590C6EE2BF4A3AF003F5F5C /* FirebaseInAppMessaging-Beta */; };
		7590C6F12BF4A3AF003F5F5C /* FirebaseInAppMessagingSwift-Beta in Frameworks */ = {isa = PBXBuildFile; productRef = 7590C6F02BF4A3AF003F5F5C /* FirebaseInAppMessagingSwift-Beta */; };
		7590C6F32BF4A3AF003F5F5C /* FirebaseInstallations in Frameworks */ = {isa = PBXBuildFile; productRef = 7590C6F22BF4A3AF003F5F5C /* FirebaseInstallations */; };
		7590C6F52BF4A3AF003F5F5C /* FirebaseMessaging in Frameworks */ = {isa = PBXBuildFile; productRef = 7590C6F42BF4A3AF003F5F5C /* FirebaseMessaging */; };
		7590C6F72BF4A3AF003F5F5C /* FirebaseMLModelDownloader in Frameworks */ = {isa = PBXBuildFile; productRef = 7590C6F62BF4A3AF003F5F5C /* FirebaseMLModelDownloader */; };
		7590C6F92BF4A3AF003F5F5C /* FirebasePerformance in Frameworks */ = {isa = PBXBuildFile; productRef = 7590C6F82BF4A3AF003F5F5C /* FirebasePerformance */; };
		7590C6FB2BF4A3AF003F5F5C /* FirebaseRemoteConfig in Frameworks */ = {isa = PBXBuildFile; productRef = 7590C6FA2BF4A3AF003F5F5C /* FirebaseRemoteConfig */; };
		7590C6FD2BF4A3AF003F5F5C /* FirebaseRemoteConfigSwift in Frameworks */ = {isa = PBXBuildFile; productRef = 7590C6FC2BF4A3AF003F5F5C /* FirebaseRemoteConfigSwift */; };
		7590C6FF2BF4A3AF003F5F5C /* FirebaseStorage in Frameworks */ = {isa = PBXBuildFile; productRef = 7590C6FE2BF4A3AF003F5F5C /* FirebaseStorage */; };
		7590C7012BF4A3AF003F5F5C /* FirebaseStorageCombine-Community in Frameworks */ = {isa = PBXBuildFile; productRef = 7590C7002BF4A3AF003F5F5C /* FirebaseStorageCombine-Community */; };
		7590C7032BF4A3AF003F5F5C /* FirebaseVertexAI-Preview in Frameworks */ = {isa = PBXBuildFile; productRef = 7590C7022BF4A3AF003F5F5C /* FirebaseVertexAI-Preview */; };
		7590C7052BF4F630003F5F5C /* HomeView.swift in Sources */ = {isa = PBXBuildFile; fileRef = 7590C7042BF4F630003F5F5C /* HomeView.swift */; };
		7590C7072BF4F684003F5F5C /* OnboardingView.swift in Sources */ = {isa = PBXBuildFile; fileRef = 7590C7062BF4F684003F5F5C /* OnboardingView.swift */; };
		75B80BB12BF61D5C00889D8D /* LoginView.swift in Sources */ = {isa = PBXBuildFile; fileRef = 75B80BB02BF61D5C00889D8D /* LoginView.swift */; };
		75B80BB32BF652AE00889D8D /* RegisterView.swift in Sources */ = {isa = PBXBuildFile; fileRef = 75B80BB22BF652AE00889D8D /* RegisterView.swift */; };
		75B80BB52BF652B800889D8D /* ForgotPasswordView.swift in Sources */ = {isa = PBXBuildFile; fileRef = 75B80BB42BF652B800889D8D /* ForgotPasswordView.swift */; };
		75C1DA8F2BF745E000425D83 /* Logo.swift in Sources */ = {isa = PBXBuildFile; fileRef = 75C1DA8E2BF745E000425D83 /* Logo.swift */; };
		75C1DA922BF76A5600425D83 /* DarkButton.swift in Sources */ = {isa = PBXBuildFile; fileRef = 75C1DA912BF76A5600425D83 /* DarkButton.swift */; };
		75C1DA942BF76DC200425D83 /* CustomTextField.swift in Sources */ = {isa = PBXBuildFile; fileRef = 75C1DA932BF76DC200425D83 /* CustomTextField.swift */; };
		75C1DA962BF76FCF00425D83 /* PasswordTextField.swift in Sources */ = {isa = PBXBuildFile; fileRef = 75C1DA952BF76FCF00425D83 /* PasswordTextField.swift */; };
		75C1DA982BF7A75B00425D83 /* Country.swift in Sources */ = {isa = PBXBuildFile; fileRef = 75C1DA972BF7A75B00425D83 /* Country.swift */; };
		75C1DA9A2BF7B01B00425D83 /* CountryList.swift in Sources */ = {isa = PBXBuildFile; fileRef = 75C1DA992BF7B01B00425D83 /* CountryList.swift */; };
		75C1DA9C2BF7B1DD00425D83 /* BaseViewModel.swift in Sources */ = {isa = PBXBuildFile; fileRef = 75C1DA9B2BF7B1DD00425D83 /* BaseViewModel.swift */; };
		75C1DA9E2BF7C0DC00425D83 /* CountryListRow.swift in Sources */ = {isa = PBXBuildFile; fileRef = 75C1DA9D2BF7C0DC00425D83 /* CountryListRow.swift */; };
		75C1DAA02BF7C14A00425D83 /* PreviewData.swift in Sources */ = {isa = PBXBuildFile; fileRef = 75C1DA9F2BF7C14A00425D83 /* PreviewData.swift */; };
		75C1DAA52BF7C43900425D83 /* SVGKit in Frameworks */ = {isa = PBXBuildFile; productRef = 75C1DAA42BF7C43900425D83 /* SVGKit */; };
		75C1DAA72BF7C43900425D83 /* SVGKitSwift in Frameworks */ = {isa = PBXBuildFile; productRef = 75C1DAA62BF7C43900425D83 /* SVGKitSwift */; };
		75C1DAA92BF7C9A700425D83 /* Extensions.swift in Sources */ = {isa = PBXBuildFile; fileRef = 75C1DAA82BF7C9A700425D83 /* Extensions.swift */; };
		75C4F7E42BF369C100DD7B0E /* FoodRecipeApp.swift in Sources */ = {isa = PBXBuildFile; fileRef = 75C4F7E32BF369C100DD7B0E /* FoodRecipeApp.swift */; };
		75C4F7E62BF369C100DD7B0E /* ContentView.swift in Sources */ = {isa = PBXBuildFile; fileRef = 75C4F7E52BF369C100DD7B0E /* ContentView.swift */; };
		75C4F7E82BF369C200DD7B0E /* Assets.xcassets in Resources */ = {isa = PBXBuildFile; fileRef = 75C4F7E72BF369C200DD7B0E /* Assets.xcassets */; };
		75C4F7EB2BF369C200DD7B0E /* Preview Assets.xcassets in Resources */ = {isa = PBXBuildFile; fileRef = 75C4F7EA2BF369C200DD7B0E /* Preview Assets.xcassets */; };
		75C4F7F52BF369C200DD7B0E /* FoodRecipeTests.swift in Sources */ = {isa = PBXBuildFile; fileRef = 75C4F7F42BF369C200DD7B0E /* FoodRecipeTests.swift */; };
		75C4F7FF2BF369C200DD7B0E /* FoodRecipeUITests.swift in Sources */ = {isa = PBXBuildFile; fileRef = 75C4F7FE2BF369C200DD7B0E /* FoodRecipeUITests.swift */; };
		75C4F8012BF369C200DD7B0E /* FoodRecipeUITestsLaunchTests.swift in Sources */ = {isa = PBXBuildFile; fileRef = 75C4F8002BF369C200DD7B0E /* FoodRecipeUITestsLaunchTests.swift */; };
		75C4F80E2BF36BF500DD7B0E /* GoogleService-Info.plist in Resources */ = {isa = PBXBuildFile; fileRef = 75C4F80D2BF36BF500DD7B0E /* GoogleService-Info.plist */; };
		75C4F8112BF36C5A00DD7B0E /* FirebaseAnalytics in Frameworks */ = {isa = PBXBuildFile; productRef = 75C4F8102BF36C5A00DD7B0E /* FirebaseAnalytics */; };
		75C4F8132BF36C5A00DD7B0E /* FirebaseAnalyticsOnDeviceConversion in Frameworks */ = {isa = PBXBuildFile; productRef = 75C4F8122BF36C5A00DD7B0E /* FirebaseAnalyticsOnDeviceConversion */; };
		75C4F8152BF36C5A00DD7B0E /* FirebaseAnalyticsSwift in Frameworks */ = {isa = PBXBuildFile; productRef = 75C4F8142BF36C5A00DD7B0E /* FirebaseAnalyticsSwift */; };
		75C4F8172BF36C5A00DD7B0E /* FirebaseAnalyticsWithoutAdIdSupport in Frameworks */ = {isa = PBXBuildFile; productRef = 75C4F8162BF36C5A00DD7B0E /* FirebaseAnalyticsWithoutAdIdSupport */; };
		75C4F8192BF36C5A00DD7B0E /* FirebaseAppCheck in Frameworks */ = {isa = PBXBuildFile; productRef = 75C4F8182BF36C5A00DD7B0E /* FirebaseAppCheck */; };
		75C4F81C2BF3A3D000DD7B0E /* AppUser.swift in Sources */ = {isa = PBXBuildFile; fileRef = 75C4F81B2BF3A3D000DD7B0E /* AppUser.swift */; };
		75C4F81E2BF3A47900DD7B0E /* FoodCategory.swift in Sources */ = {isa = PBXBuildFile; fileRef = 75C4F81D2BF3A47900DD7B0E /* FoodCategory.swift */; };
		75C4F8202BF3A4B200DD7B0E /* Ingredient.swift in Sources */ = {isa = PBXBuildFile; fileRef = 75C4F81F2BF3A4B200DD7B0E /* Ingredient.swift */; };
		75C4F8222BF3A4FA00DD7B0E /* IngredientCategory.swift in Sources */ = {isa = PBXBuildFile; fileRef = 75C4F8212BF3A4FA00DD7B0E /* IngredientCategory.swift */; };
		75C4F8242BF3A52E00DD7B0E /* Recipe.swift in Sources */ = {isa = PBXBuildFile; fileRef = 75C4F8232BF3A52E00DD7B0E /* Recipe.swift */; };
		75C4F8262BF3AAD000DD7B0E /* Nutrition.swift in Sources */ = {isa = PBXBuildFile; fileRef = 75C4F8252BF3AAD000DD7B0E /* Nutrition.swift */; };
		75D568C12BF69BC200D978CA /* CardView.swift in Sources */ = {isa = PBXBuildFile; fileRef = 75D568C02BF69BC200D978CA /* CardView.swift */; };
		75F983FA2BFB81C900FC7808 /* TabScreenView.swift in Sources */ = {isa = PBXBuildFile; fileRef = 75F983F92BFB81C900FC7808 /* TabScreenView.swift */; };
		75F983FC2BFB836400FC7808 /* RecipesView.swift in Sources */ = {isa = PBXBuildFile; fileRef = 75F983FB2BFB836400FC7808 /* RecipesView.swift */; };
		75F983FE2BFB837B00FC7808 /* ProfileView.swift in Sources */ = {isa = PBXBuildFile; fileRef = 75F983FD2BFB837B00FC7808 /* ProfileView.swift */; };
		75F984052BFB8C3300FC7808 /* Cabin-Italic-Variable.ttf in Resources */ = {isa = PBXBuildFile; fileRef = 75F984032BFB8C3300FC7808 /* Cabin-Italic-Variable.ttf */; };
		75F984062BFB8C3300FC7808 /* Cabin-VariableFont.ttf in Resources */ = {isa = PBXBuildFile; fileRef = 75F984042BFB8C3300FC7808 /* Cabin-VariableFont.ttf */; };
		75F984082BFB8D3F00FC7808 /* RecipeDetailView.swift in Sources */ = {isa = PBXBuildFile; fileRef = 75F984072BFB8D3F00FC7808 /* RecipeDetailView.swift */; };
		75F9840C2BFB962C00FC7808 /* CustomTabBarView.swift in Sources */ = {isa = PBXBuildFile; fileRef = 75F9840B2BFB962C00FC7808 /* CustomTabBarView.swift */; };
		75F9840E2BFB966500FC7808 /* Tab.swift in Sources */ = {isa = PBXBuildFile; fileRef = 75F9840D2BFB966500FC7808 /* Tab.swift */; };
/* End PBXBuildFile section */

/* Begin PBXContainerItemProxy section */
		75C4F7F12BF369C200DD7B0E /* PBXContainerItemProxy */ = {
			isa = PBXContainerItemProxy;
			containerPortal = 75C4F7D82BF369C100DD7B0E /* Project object */;
			proxyType = 1;
			remoteGlobalIDString = 75C4F7DF2BF369C100DD7B0E;
			remoteInfo = FoodRecipe;
		};
		75C4F7FB2BF369C200DD7B0E /* PBXContainerItemProxy */ = {
			isa = PBXContainerItemProxy;
			containerPortal = 75C4F7D82BF369C100DD7B0E /* Project object */;
			proxyType = 1;
			remoteGlobalIDString = 75C4F7DF2BF369C100DD7B0E;
			remoteInfo = FoodRecipe;
		};
/* End PBXContainerItemProxy section */

/* Begin PBXFileReference section */
		7520825E2BF8EC5100E7B0C2 /* countries.json */ = {isa = PBXFileReference; fileEncoding = 4; lastKnownFileType = text.json; name = countries.json; path = ../../../../PycharmProjects/jsonedit/output/countries.json; sourceTree = "<group>"; };
		75287F532BFA5C2300FA0E23 /* OnboardingItem.swift */ = {isa = PBXFileReference; lastKnownFileType = sourcecode.swift; path = OnboardingItem.swift; sourceTree = "<group>"; };
		75287F552BFA5C8B00FA0E23 /* OnboardingItemData.swift */ = {isa = PBXFileReference; lastKnownFileType = sourcecode.swift; path = OnboardingItemData.swift; sourceTree = "<group>"; };
		75287F572BFA5F4200FA0E23 /* OnboardingCardItem.swift */ = {isa = PBXFileReference; lastKnownFileType = sourcecode.swift; path = OnboardingCardItem.swift; sourceTree = "<group>"; };
		75287F592BFA5FDE00FA0E23 /* StartButton.swift */ = {isa = PBXFileReference; lastKnownFileType = sourcecode.swift; path = StartButton.swift; sourceTree = "<group>"; };
		7590C6D32BF4A1F3003F5F5C /* AuthViewModel.swift */ = {isa = PBXFileReference; lastKnownFileType = sourcecode.swift; path = AuthViewModel.swift; sourceTree = "<group>"; };
		7590C7042BF4F630003F5F5C /* HomeView.swift */ = {isa = PBXFileReference; lastKnownFileType = sourcecode.swift; path = HomeView.swift; sourceTree = "<group>"; };
		7590C7062BF4F684003F5F5C /* OnboardingView.swift */ = {isa = PBXFileReference; lastKnownFileType = sourcecode.swift; path = OnboardingView.swift; sourceTree = "<group>"; };
		7590C73D2BF50A1F003F5F5C /* Info.plist */ = {isa = PBXFileReference; lastKnownFileType = text.plist.xml; path = Info.plist; sourceTree = "<group>"; };
		75B80BB02BF61D5C00889D8D /* LoginView.swift */ = {isa = PBXFileReference; lastKnownFileType = sourcecode.swift; path = LoginView.swift; sourceTree = "<group>"; };
		75B80BB22BF652AE00889D8D /* RegisterView.swift */ = {isa = PBXFileReference; lastKnownFileType = sourcecode.swift; path = RegisterView.swift; sourceTree = "<group>"; };
		75B80BB42BF652B800889D8D /* ForgotPasswordView.swift */ = {isa = PBXFileReference; lastKnownFileType = sourcecode.swift; path = ForgotPasswordView.swift; sourceTree = "<group>"; };
		75C1DA8E2BF745E000425D83 /* Logo.swift */ = {isa = PBXFileReference; lastKnownFileType = sourcecode.swift; path = Logo.swift; sourceTree = "<group>"; };
		75C1DA912BF76A5600425D83 /* DarkButton.swift */ = {isa = PBXFileReference; lastKnownFileType = sourcecode.swift; path = DarkButton.swift; sourceTree = "<group>"; };
		75C1DA932BF76DC200425D83 /* CustomTextField.swift */ = {isa = PBXFileReference; lastKnownFileType = sourcecode.swift; path = CustomTextField.swift; sourceTree = "<group>"; };
		75C1DA952BF76FCF00425D83 /* PasswordTextField.swift */ = {isa = PBXFileReference; lastKnownFileType = sourcecode.swift; path = PasswordTextField.swift; sourceTree = "<group>"; };
		75C1DA972BF7A75B00425D83 /* Country.swift */ = {isa = PBXFileReference; lastKnownFileType = sourcecode.swift; path = Country.swift; sourceTree = "<group>"; };
		75C1DA992BF7B01B00425D83 /* CountryList.swift */ = {isa = PBXFileReference; lastKnownFileType = sourcecode.swift; path = CountryList.swift; sourceTree = "<group>"; };
		75C1DA9B2BF7B1DD00425D83 /* BaseViewModel.swift */ = {isa = PBXFileReference; lastKnownFileType = sourcecode.swift; path = BaseViewModel.swift; sourceTree = "<group>"; };
		75C1DA9D2BF7C0DC00425D83 /* CountryListRow.swift */ = {isa = PBXFileReference; lastKnownFileType = sourcecode.swift; path = CountryListRow.swift; sourceTree = "<group>"; };
		75C1DA9F2BF7C14A00425D83 /* PreviewData.swift */ = {isa = PBXFileReference; lastKnownFileType = sourcecode.swift; path = PreviewData.swift; sourceTree = "<group>"; };
		75C1DAA82BF7C9A700425D83 /* Extensions.swift */ = {isa = PBXFileReference; lastKnownFileType = sourcecode.swift; path = Extensions.swift; sourceTree = "<group>"; };
		75C4F7E02BF369C100DD7B0E /* FoodRecipe.app */ = {isa = PBXFileReference; explicitFileType = wrapper.application; includeInIndex = 0; path = FoodRecipe.app; sourceTree = BUILT_PRODUCTS_DIR; };
		75C4F7E32BF369C100DD7B0E /* FoodRecipeApp.swift */ = {isa = PBXFileReference; lastKnownFileType = sourcecode.swift; path = FoodRecipeApp.swift; sourceTree = "<group>"; };
		75C4F7E52BF369C100DD7B0E /* ContentView.swift */ = {isa = PBXFileReference; lastKnownFileType = sourcecode.swift; path = ContentView.swift; sourceTree = "<group>"; };
		75C4F7E72BF369C200DD7B0E /* Assets.xcassets */ = {isa = PBXFileReference; lastKnownFileType = folder.assetcatalog; path = Assets.xcassets; sourceTree = "<group>"; };
		75C4F7EA2BF369C200DD7B0E /* Preview Assets.xcassets */ = {isa = PBXFileReference; lastKnownFileType = folder.assetcatalog; path = "Preview Assets.xcassets"; sourceTree = "<group>"; };
		75C4F7F02BF369C200DD7B0E /* FoodRecipeTests.xctest */ = {isa = PBXFileReference; explicitFileType = wrapper.cfbundle; includeInIndex = 0; path = FoodRecipeTests.xctest; sourceTree = BUILT_PRODUCTS_DIR; };
		75C4F7F42BF369C200DD7B0E /* FoodRecipeTests.swift */ = {isa = PBXFileReference; lastKnownFileType = sourcecode.swift; path = FoodRecipeTests.swift; sourceTree = "<group>"; };
		75C4F7FA2BF369C200DD7B0E /* FoodRecipeUITests.xctest */ = {isa = PBXFileReference; explicitFileType = wrapper.cfbundle; includeInIndex = 0; path = FoodRecipeUITests.xctest; sourceTree = BUILT_PRODUCTS_DIR; };
		75C4F7FE2BF369C200DD7B0E /* FoodRecipeUITests.swift */ = {isa = PBXFileReference; lastKnownFileType = sourcecode.swift; path = FoodRecipeUITests.swift; sourceTree = "<group>"; };
		75C4F8002BF369C200DD7B0E /* FoodRecipeUITestsLaunchTests.swift */ = {isa = PBXFileReference; lastKnownFileType = sourcecode.swift; path = FoodRecipeUITestsLaunchTests.swift; sourceTree = "<group>"; };
		75C4F80D2BF36BF500DD7B0E /* GoogleService-Info.plist */ = {isa = PBXFileReference; fileEncoding = 4; lastKnownFileType = text.plist.xml; name = "GoogleService-Info.plist"; path = "../../GoogleService-Info.plist"; sourceTree = "<group>"; };
		75C4F81B2BF3A3D000DD7B0E /* AppUser.swift */ = {isa = PBXFileReference; lastKnownFileType = sourcecode.swift; path = AppUser.swift; sourceTree = "<group>"; };
		75C4F81D2BF3A47900DD7B0E /* FoodCategory.swift */ = {isa = PBXFileReference; lastKnownFileType = sourcecode.swift; path = FoodCategory.swift; sourceTree = "<group>"; };
		75C4F81F2BF3A4B200DD7B0E /* Ingredient.swift */ = {isa = PBXFileReference; lastKnownFileType = sourcecode.swift; path = Ingredient.swift; sourceTree = "<group>"; };
		75C4F8212BF3A4FA00DD7B0E /* IngredientCategory.swift */ = {isa = PBXFileReference; lastKnownFileType = sourcecode.swift; path = IngredientCategory.swift; sourceTree = "<group>"; };
		75C4F8232BF3A52E00DD7B0E /* Recipe.swift */ = {isa = PBXFileReference; lastKnownFileType = sourcecode.swift; path = Recipe.swift; sourceTree = "<group>"; };
		75C4F8252BF3AAD000DD7B0E /* Nutrition.swift */ = {isa = PBXFileReference; lastKnownFileType = sourcecode.swift; path = Nutrition.swift; sourceTree = "<group>"; };
		75D568C02BF69BC200D978CA /* CardView.swift */ = {isa = PBXFileReference; lastKnownFileType = sourcecode.swift; path = CardView.swift; sourceTree = "<group>"; };
		75F983F92BFB81C900FC7808 /* TabScreenView.swift */ = {isa = PBXFileReference; lastKnownFileType = sourcecode.swift; path = TabScreenView.swift; sourceTree = "<group>"; };
		75F983FB2BFB836400FC7808 /* RecipesView.swift */ = {isa = PBXFileReference; lastKnownFileType = sourcecode.swift; path = RecipesView.swift; sourceTree = "<group>"; };
		75F983FD2BFB837B00FC7808 /* ProfileView.swift */ = {isa = PBXFileReference; lastKnownFileType = sourcecode.swift; path = ProfileView.swift; sourceTree = "<group>"; };
		75F984032BFB8C3300FC7808 /* Cabin-Italic-Variable.ttf */ = {isa = PBXFileReference; lastKnownFileType = file; name = "Cabin-Italic-Variable.ttf"; path = "../../../../../Downloads/Cabin/Cabin-Italic-Variable.ttf"; sourceTree = "<group>"; };
		75F984042BFB8C3300FC7808 /* Cabin-VariableFont.ttf */ = {isa = PBXFileReference; lastKnownFileType = file; name = "Cabin-VariableFont.ttf"; path = "../../../../../Downloads/Cabin/Cabin-VariableFont.ttf"; sourceTree = "<group>"; };
		75F984072BFB8D3F00FC7808 /* RecipeDetailView.swift */ = {isa = PBXFileReference; lastKnownFileType = sourcecode.swift; path = RecipeDetailView.swift; sourceTree = "<group>"; };
		75F9840B2BFB962C00FC7808 /* CustomTabBarView.swift */ = {isa = PBXFileReference; lastKnownFileType = sourcecode.swift; path = CustomTabBarView.swift; sourceTree = "<group>"; };
		75F9840D2BFB966500FC7808 /* Tab.swift */ = {isa = PBXFileReference; lastKnownFileType = sourcecode.swift; path = Tab.swift; sourceTree = "<group>"; };
/* End PBXFileReference section */

/* Begin PBXFrameworksBuildPhase section */
		75C4F7DD2BF369C100DD7B0E /* Frameworks */ = {
			isa = PBXFrameworksBuildPhase;
			buildActionMask = 2147483647;
			files = (
				7590C6DF2BF4A3AF003F5F5C /* FirebaseDatabase in Frameworks */,
				7590C6ED2BF4A3AF003F5F5C /* FirebaseFunctionsCombine-Community in Frameworks */,
				7590C6E52BF4A3AF003F5F5C /* FirebaseFirestore in Frameworks */,
				75C4F8152BF36C5A00DD7B0E /* FirebaseAnalyticsSwift in Frameworks */,
				75C4F8112BF36C5A00DD7B0E /* FirebaseAnalytics in Frameworks */,
				75C4F8132BF36C5A00DD7B0E /* FirebaseAnalyticsOnDeviceConversion in Frameworks */,
				7590C6E92BF4A3AF003F5F5C /* FirebaseFirestoreSwift in Frameworks */,
				7590C6F72BF4A3AF003F5F5C /* FirebaseMLModelDownloader in Frameworks */,
				75C4F8192BF36C5A00DD7B0E /* FirebaseAppCheck in Frameworks */,
				75C4F8172BF36C5A00DD7B0E /* FirebaseAnalyticsWithoutAdIdSupport in Frameworks */,
				7590C6F52BF4A3AF003F5F5C /* FirebaseMessaging in Frameworks */,
				7590C6D92BF4A3AF003F5F5C /* FirebaseAuth in Frameworks */,
				75C1DAA72BF7C43900425D83 /* SVGKitSwift in Frameworks */,
				7590C6FD2BF4A3AF003F5F5C /* FirebaseRemoteConfigSwift in Frameworks */,
				7590C6DD2BF4A3AF003F5F5C /* FirebaseCrashlytics in Frameworks */,
				7590C6EF2BF4A3AF003F5F5C /* FirebaseInAppMessaging-Beta in Frameworks */,
				7590C6E12BF4A3AF003F5F5C /* FirebaseDatabaseSwift in Frameworks */,
				7590C7012BF4A3AF003F5F5C /* FirebaseStorageCombine-Community in Frameworks */,
				7590C6FB2BF4A3AF003F5F5C /* FirebaseRemoteConfig in Frameworks */,
				7590C6EB2BF4A3AF003F5F5C /* FirebaseFunctions in Frameworks */,
				7590C6D72BF4A3AF003F5F5C /* FirebaseAppDistribution-Beta in Frameworks */,
				7590C6F92BF4A3AF003F5F5C /* FirebasePerformance in Frameworks */,
				75C1DAA52BF7C43900425D83 /* SVGKit in Frameworks */,
				7590C6DB2BF4A3AF003F5F5C /* FirebaseAuthCombine-Community in Frameworks */,
				7590C6FF2BF4A3AF003F5F5C /* FirebaseStorage in Frameworks */,
				7590C6F12BF4A3AF003F5F5C /* FirebaseInAppMessagingSwift-Beta in Frameworks */,
				7590C7032BF4A3AF003F5F5C /* FirebaseVertexAI-Preview in Frameworks */,
				7590C6E32BF4A3AF003F5F5C /* FirebaseDynamicLinks in Frameworks */,
				7590C6E72BF4A3AF003F5F5C /* FirebaseFirestoreCombine-Community in Frameworks */,
				7590C6F32BF4A3AF003F5F5C /* FirebaseInstallations in Frameworks */,
			);
			runOnlyForDeploymentPostprocessing = 0;
		};
		75C4F7ED2BF369C200DD7B0E /* Frameworks */ = {
			isa = PBXFrameworksBuildPhase;
			buildActionMask = 2147483647;
			files = (
			);
			runOnlyForDeploymentPostprocessing = 0;
		};
		75C4F7F72BF369C200DD7B0E /* Frameworks */ = {
			isa = PBXFrameworksBuildPhase;
			buildActionMask = 2147483647;
			files = (
			);
			runOnlyForDeploymentPostprocessing = 0;
		};
/* End PBXFrameworksBuildPhase section */

/* Begin PBXGroup section */
		7590C6D22BF4A1E4003F5F5C /* ViewModels */ = {
			isa = PBXGroup;
			children = (
				7590C6D32BF4A1F3003F5F5C /* AuthViewModel.swift */,
				75C1DA9B2BF7B1DD00425D83 /* BaseViewModel.swift */,
			);
			path = ViewModels;
			sourceTree = "<group>";
		};
		7590C6D52BF4A3AF003F5F5C /* Frameworks */ = {
			isa = PBXGroup;
			children = (
			);
			name = Frameworks;
			sourceTree = "<group>";
		};
		7590C7082BF50827003F5F5C /* fonts */ = {
			isa = PBXGroup;
			children = (
				75F984032BFB8C3300FC7808 /* Cabin-Italic-Variable.ttf */,
				75F984042BFB8C3300FC7808 /* Cabin-VariableFont.ttf */,
			);
			path = fonts;
			sourceTree = "<group>";
		};
		7590C73E2BF53E0E003F5F5C /* Views */ = {
			isa = PBXGroup;
			children = (
				75F983F82BFB81B900FC7808 /* Menu */,
				75B80BAE2BF61B2C00889D8D /* Auth */,
				7590C7042BF4F630003F5F5C /* HomeView.swift */,
				7590C7062BF4F684003F5F5C /* OnboardingView.swift */,
				75F983FB2BFB836400FC7808 /* RecipesView.swift */,
				75F983FD2BFB837B00FC7808 /* ProfileView.swift */,
				75F984072BFB8D3F00FC7808 /* RecipeDetailView.swift */,
			);
			path = Views;
			sourceTree = "<group>";
		};
		75B80BAE2BF61B2C00889D8D /* Auth */ = {
			isa = PBXGroup;
			children = (
				75B80BB02BF61D5C00889D8D /* LoginView.swift */,
				75B80BB22BF652AE00889D8D /* RegisterView.swift */,
				75B80BB42BF652B800889D8D /* ForgotPasswordView.swift */,
			);
			path = Auth;
			sourceTree = "<group>";
		};
		75C1DA8D2BF745CE00425D83 /* SvgShapes */ = {
			isa = PBXGroup;
			children = (
				75D568C02BF69BC200D978CA /* CardView.swift */,
				75C1DA8E2BF745E000425D83 /* Logo.swift */,
			);
			path = SvgShapes;
			sourceTree = "<group>";
		};
		75C1DA902BF76A4200425D83 /* Components */ = {
			isa = PBXGroup;
			children = (
				75C1DA912BF76A5600425D83 /* DarkButton.swift */,
				75C1DA932BF76DC200425D83 /* CustomTextField.swift */,
				75C1DA952BF76FCF00425D83 /* PasswordTextField.swift */,
				75C1DA992BF7B01B00425D83 /* CountryList.swift */,
				75C1DA9D2BF7C0DC00425D83 /* CountryListRow.swift */,
				75287F572BFA5F4200FA0E23 /* OnboardingCardItem.swift */,
				75287F592BFA5FDE00FA0E23 /* StartButton.swift */,
			);
			path = Components;
			sourceTree = "<group>";
		};
		75C4F7D72BF369C100DD7B0E = {
			isa = PBXGroup;
			children = (
				75C4F7E22BF369C100DD7B0E /* FoodRecipe */,
				75C4F7F32BF369C200DD7B0E /* FoodRecipeTests */,
				75C4F7FD2BF369C200DD7B0E /* FoodRecipeUITests */,
				75C4F7E12BF369C100DD7B0E /* Products */,
				7590C6D52BF4A3AF003F5F5C /* Frameworks */,
			);
			sourceTree = "<group>";
		};
		75C4F7E12BF369C100DD7B0E /* Products */ = {
			isa = PBXGroup;
			children = (
				75C4F7E02BF369C100DD7B0E /* FoodRecipe.app */,
				75C4F7F02BF369C200DD7B0E /* FoodRecipeTests.xctest */,
				75C4F7FA2BF369C200DD7B0E /* FoodRecipeUITests.xctest */,
			);
			name = Products;
			sourceTree = "<group>";
		};
		75C4F7E22BF369C100DD7B0E /* FoodRecipe */ = {
			isa = PBXGroup;
			children = (
				75C4F80D2BF36BF500DD7B0E /* GoogleService-Info.plist */,
				7590C73D2BF50A1F003F5F5C /* Info.plist */,
				75C4F7E72BF369C200DD7B0E /* Assets.xcassets */,
				7520825E2BF8EC5100E7B0C2 /* countries.json */,
				75C1DA902BF76A4200425D83 /* Components */,
				75C1DA8D2BF745CE00425D83 /* SvgShapes */,
				7590C7082BF50827003F5F5C /* fonts */,
				75C4F7E92BF369C200DD7B0E /* Preview Content */,
				7590C73E2BF53E0E003F5F5C /* Views */,
				7590C6D22BF4A1E4003F5F5C /* ViewModels */,
				75C4F81A2BF3A21900DD7B0E /* Models */,
				75C4F7E32BF369C100DD7B0E /* FoodRecipeApp.swift */,
				75C4F7E52BF369C100DD7B0E /* ContentView.swift */,
				75C1DAA82BF7C9A700425D83 /* Extensions.swift */,
				75287F552BFA5C8B00FA0E23 /* OnboardingItemData.swift */,
			);
			path = FoodRecipe;
			sourceTree = "<group>";
		};
		75C4F7E92BF369C200DD7B0E /* Preview Content */ = {
			isa = PBXGroup;
			children = (
				75C4F7EA2BF369C200DD7B0E /* Preview Assets.xcassets */,
				75C1DA9F2BF7C14A00425D83 /* PreviewData.swift */,
			);
			path = "Preview Content";
			sourceTree = "<group>";
		};
		75C4F7F32BF369C200DD7B0E /* FoodRecipeTests */ = {
			isa = PBXGroup;
			children = (
				75C4F7F42BF369C200DD7B0E /* FoodRecipeTests.swift */,
			);
			path = FoodRecipeTests;
			sourceTree = "<group>";
		};
		75C4F7FD2BF369C200DD7B0E /* FoodRecipeUITests */ = {
			isa = PBXGroup;
			children = (
				75C4F7FE2BF369C200DD7B0E /* FoodRecipeUITests.swift */,
				75C4F8002BF369C200DD7B0E /* FoodRecipeUITestsLaunchTests.swift */,
			);
			path = FoodRecipeUITests;
			sourceTree = "<group>";
		};
		75C4F81A2BF3A21900DD7B0E /* Models */ = {
			isa = PBXGroup;
			children = (
				75C4F81B2BF3A3D000DD7B0E /* AppUser.swift */,
				75C4F81D2BF3A47900DD7B0E /* FoodCategory.swift */,
				75C4F81F2BF3A4B200DD7B0E /* Ingredient.swift */,
				75C4F8212BF3A4FA00DD7B0E /* IngredientCategory.swift */,
				75C4F8232BF3A52E00DD7B0E /* Recipe.swift */,
				75C4F8252BF3AAD000DD7B0E /* Nutrition.swift */,
				75C1DA972BF7A75B00425D83 /* Country.swift */,
				75287F532BFA5C2300FA0E23 /* OnboardingItem.swift */,
			);
			path = Models;
			sourceTree = "<group>";
		};
		75F983F82BFB81B900FC7808 /* Menu */ = {
			isa = PBXGroup;
			children = (
				75F983F92BFB81C900FC7808 /* TabScreenView.swift */,
				75F9840B2BFB962C00FC7808 /* CustomTabBarView.swift */,
				75F9840D2BFB966500FC7808 /* Tab.swift */,
			);
			path = Menu;
			sourceTree = "<group>";
		};
/* End PBXGroup section */

/* Begin PBXNativeTarget section */
		75C4F7DF2BF369C100DD7B0E /* FoodRecipe */ = {
			isa = PBXNativeTarget;
			buildConfigurationList = 75C4F8042BF369C200DD7B0E /* Build configuration list for PBXNativeTarget "FoodRecipe" */;
			buildPhases = (
				75C4F7DC2BF369C100DD7B0E /* Sources */,
				75C4F7DD2BF369C100DD7B0E /* Frameworks */,
				75C4F7DE2BF369C100DD7B0E /* Resources */,
			);
			buildRules = (
			);
			dependencies = (
			);
			name = FoodRecipe;
			packageProductDependencies = (
				75C4F8102BF36C5A00DD7B0E /* FirebaseAnalytics */,
				75C4F8122BF36C5A00DD7B0E /* FirebaseAnalyticsOnDeviceConversion */,
				75C4F8142BF36C5A00DD7B0E /* FirebaseAnalyticsSwift */,
				75C4F8162BF36C5A00DD7B0E /* FirebaseAnalyticsWithoutAdIdSupport */,
				75C4F8182BF36C5A00DD7B0E /* FirebaseAppCheck */,
				7590C6D62BF4A3AF003F5F5C /* FirebaseAppDistribution-Beta */,
				7590C6D82BF4A3AF003F5F5C /* FirebaseAuth */,
				7590C6DA2BF4A3AF003F5F5C /* FirebaseAuthCombine-Community */,
				7590C6DC2BF4A3AF003F5F5C /* FirebaseCrashlytics */,
				7590C6DE2BF4A3AF003F5F5C /* FirebaseDatabase */,
				7590C6E02BF4A3AF003F5F5C /* FirebaseDatabaseSwift */,
				7590C6E22BF4A3AF003F5F5C /* FirebaseDynamicLinks */,
				7590C6E42BF4A3AF003F5F5C /* FirebaseFirestore */,
				7590C6E62BF4A3AF003F5F5C /* FirebaseFirestoreCombine-Community */,
				7590C6E82BF4A3AF003F5F5C /* FirebaseFirestoreSwift */,
				7590C6EA2BF4A3AF003F5F5C /* FirebaseFunctions */,
				7590C6EC2BF4A3AF003F5F5C /* FirebaseFunctionsCombine-Community */,
				7590C6EE2BF4A3AF003F5F5C /* FirebaseInAppMessaging-Beta */,
				7590C6F02BF4A3AF003F5F5C /* FirebaseInAppMessagingSwift-Beta */,
				7590C6F22BF4A3AF003F5F5C /* FirebaseInstallations */,
				7590C6F42BF4A3AF003F5F5C /* FirebaseMessaging */,
				7590C6F62BF4A3AF003F5F5C /* FirebaseMLModelDownloader */,
				7590C6F82BF4A3AF003F5F5C /* FirebasePerformance */,
				7590C6FA2BF4A3AF003F5F5C /* FirebaseRemoteConfig */,
				7590C6FC2BF4A3AF003F5F5C /* FirebaseRemoteConfigSwift */,
				7590C6FE2BF4A3AF003F5F5C /* FirebaseStorage */,
				7590C7002BF4A3AF003F5F5C /* FirebaseStorageCombine-Community */,
				7590C7022BF4A3AF003F5F5C /* FirebaseVertexAI-Preview */,
				75C1DAA42BF7C43900425D83 /* SVGKit */,
				75C1DAA62BF7C43900425D83 /* SVGKitSwift */,
			);
			productName = FoodRecipe;
			productReference = 75C4F7E02BF369C100DD7B0E /* FoodRecipe.app */;
			productType = "com.apple.product-type.application";
		};
		75C4F7EF2BF369C200DD7B0E /* FoodRecipeTests */ = {
			isa = PBXNativeTarget;
			buildConfigurationList = 75C4F8072BF369C200DD7B0E /* Build configuration list for PBXNativeTarget "FoodRecipeTests" */;
			buildPhases = (
				75C4F7EC2BF369C200DD7B0E /* Sources */,
				75C4F7ED2BF369C200DD7B0E /* Frameworks */,
				75C4F7EE2BF369C200DD7B0E /* Resources */,
			);
			buildRules = (
			);
			dependencies = (
				75C4F7F22BF369C200DD7B0E /* PBXTargetDependency */,
			);
			name = FoodRecipeTests;
			productName = FoodRecipeTests;
			productReference = 75C4F7F02BF369C200DD7B0E /* FoodRecipeTests.xctest */;
			productType = "com.apple.product-type.bundle.unit-test";
		};
		75C4F7F92BF369C200DD7B0E /* FoodRecipeUITests */ = {
			isa = PBXNativeTarget;
			buildConfigurationList = 75C4F80A2BF369C200DD7B0E /* Build configuration list for PBXNativeTarget "FoodRecipeUITests" */;
			buildPhases = (
				75C4F7F62BF369C200DD7B0E /* Sources */,
				75C4F7F72BF369C200DD7B0E /* Frameworks */,
				75C4F7F82BF369C200DD7B0E /* Resources */,
			);
			buildRules = (
			);
			dependencies = (
				75C4F7FC2BF369C200DD7B0E /* PBXTargetDependency */,
			);
			name = FoodRecipeUITests;
			productName = FoodRecipeUITests;
			productReference = 75C4F7FA2BF369C200DD7B0E /* FoodRecipeUITests.xctest */;
			productType = "com.apple.product-type.bundle.ui-testing";
		};
/* End PBXNativeTarget section */

/* Begin PBXProject section */
		75C4F7D82BF369C100DD7B0E /* Project object */ = {
			isa = PBXProject;
			attributes = {
				BuildIndependentTargetsInParallel = 1;
				LastSwiftUpdateCheck = 1530;
				LastUpgradeCheck = 1530;
				TargetAttributes = {
					75C4F7DF2BF369C100DD7B0E = {
						CreatedOnToolsVersion = 15.3;
					};
					75C4F7EF2BF369C200DD7B0E = {
						CreatedOnToolsVersion = 15.3;
						TestTargetID = 75C4F7DF2BF369C100DD7B0E;
					};
					75C4F7F92BF369C200DD7B0E = {
						CreatedOnToolsVersion = 15.3;
						TestTargetID = 75C4F7DF2BF369C100DD7B0E;
					};
				};
			};
			buildConfigurationList = 75C4F7DB2BF369C100DD7B0E /* Build configuration list for PBXProject "FoodRecipe" */;
			compatibilityVersion = "Xcode 14.0";
			developmentRegion = en;
			hasScannedForEncodings = 0;
			knownRegions = (
				en,
				Base,
			);
			mainGroup = 75C4F7D72BF369C100DD7B0E;
			packageReferences = (
				75C4F80F2BF36C5A00DD7B0E /* XCRemoteSwiftPackageReference "firebase-ios-sdk" */,
				75C1DAA32BF7C43800425D83 /* XCRemoteSwiftPackageReference "SVGKit" */,
			);
			productRefGroup = 75C4F7E12BF369C100DD7B0E /* Products */;
			projectDirPath = "";
			projectRoot = "";
			targets = (
				75C4F7DF2BF369C100DD7B0E /* FoodRecipe */,
				75C4F7EF2BF369C200DD7B0E /* FoodRecipeTests */,
				75C4F7F92BF369C200DD7B0E /* FoodRecipeUITests */,
			);
		};
/* End PBXProject section */

/* Begin PBXResourcesBuildPhase section */
		75C4F7DE2BF369C100DD7B0E /* Resources */ = {
			isa = PBXResourcesBuildPhase;
			buildActionMask = 2147483647;
			files = (
				7520825F2BF8EC5100E7B0C2 /* countries.json in Resources */,
				75F984052BFB8C3300FC7808 /* Cabin-Italic-Variable.ttf in Resources */,
				75C4F7EB2BF369C200DD7B0E /* Preview Assets.xcassets in Resources */,
				75F984062BFB8C3300FC7808 /* Cabin-VariableFont.ttf in Resources */,
				75C4F7E82BF369C200DD7B0E /* Assets.xcassets in Resources */,
				75C4F80E2BF36BF500DD7B0E /* GoogleService-Info.plist in Resources */,
			);
			runOnlyForDeploymentPostprocessing = 0;
		};
		75C4F7EE2BF369C200DD7B0E /* Resources */ = {
			isa = PBXResourcesBuildPhase;
			buildActionMask = 2147483647;
			files = (
			);
			runOnlyForDeploymentPostprocessing = 0;
		};
		75C4F7F82BF369C200DD7B0E /* Resources */ = {
			isa = PBXResourcesBuildPhase;
			buildActionMask = 2147483647;
			files = (
			);
			runOnlyForDeploymentPostprocessing = 0;
		};
/* End PBXResourcesBuildPhase section */

/* Begin PBXSourcesBuildPhase section */
		75C4F7DC2BF369C100DD7B0E /* Sources */ = {
			isa = PBXSourcesBuildPhase;
			buildActionMask = 2147483647;
			files = (
				75C4F7E62BF369C100DD7B0E /* ContentView.swift in Sources */,
				75F983FC2BFB836400FC7808 /* RecipesView.swift in Sources */,
				75C1DA9C2BF7B1DD00425D83 /* BaseViewModel.swift in Sources */,
				75C4F81C2BF3A3D000DD7B0E /* AppUser.swift in Sources */,
				75B80BB32BF652AE00889D8D /* RegisterView.swift in Sources */,
				75C4F8242BF3A52E00DD7B0E /* Recipe.swift in Sources */,
				75D568C12BF69BC200D978CA /* CardView.swift in Sources */,
				75F984082BFB8D3F00FC7808 /* RecipeDetailView.swift in Sources */,
				75C1DA9A2BF7B01B00425D83 /* CountryList.swift in Sources */,
				7590C7052BF4F630003F5F5C /* HomeView.swift in Sources */,
				75C1DAA02BF7C14A00425D83 /* PreviewData.swift in Sources */,
				75287F5A2BFA5FDE00FA0E23 /* StartButton.swift in Sources */,
				75C1DA8F2BF745E000425D83 /* Logo.swift in Sources */,
				7590C6D42BF4A1F3003F5F5C /* AuthViewModel.swift in Sources */,
				75C1DA982BF7A75B00425D83 /* Country.swift in Sources */,
				75C1DA962BF76FCF00425D83 /* PasswordTextField.swift in Sources */,
				75287F542BFA5C2400FA0E23 /* OnboardingItem.swift in Sources */,
				75C4F8222BF3A4FA00DD7B0E /* IngredientCategory.swift in Sources */,
				75C1DA922BF76A5600425D83 /* DarkButton.swift in Sources */,
				75B80BB12BF61D5C00889D8D /* LoginView.swift in Sources */,
				75F983FA2BFB81C900FC7808 /* TabScreenView.swift in Sources */,
				75F9840C2BFB962C00FC7808 /* CustomTabBarView.swift in Sources */,
				75B80BB52BF652B800889D8D /* ForgotPasswordView.swift in Sources */,
				75C4F8202BF3A4B200DD7B0E /* Ingredient.swift in Sources */,
				75C4F7E42BF369C100DD7B0E /* FoodRecipeApp.swift in Sources */,
				75C1DA9E2BF7C0DC00425D83 /* CountryListRow.swift in Sources */,
				75F983FE2BFB837B00FC7808 /* ProfileView.swift in Sources */,
				75F9840E2BFB966500FC7808 /* Tab.swift in Sources */,
				75287F562BFA5C8B00FA0E23 /* OnboardingItemData.swift in Sources */,
				75C1DAA92BF7C9A700425D83 /* Extensions.swift in Sources */,
				7590C7072BF4F684003F5F5C /* OnboardingView.swift in Sources */,
				75C1DA942BF76DC200425D83 /* CustomTextField.swift in Sources */,
				75287F582BFA5F4200FA0E23 /* OnboardingCardItem.swift in Sources */,
				75C4F8262BF3AAD000DD7B0E /* Nutrition.swift in Sources */,
				75C4F81E2BF3A47900DD7B0E /* FoodCategory.swift in Sources */,
			);
			runOnlyForDeploymentPostprocessing = 0;
		};
		75C4F7EC2BF369C200DD7B0E /* Sources */ = {
			isa = PBXSourcesBuildPhase;
			buildActionMask = 2147483647;
			files = (
				75C4F7F52BF369C200DD7B0E /* FoodRecipeTests.swift in Sources */,
			);
			runOnlyForDeploymentPostprocessing = 0;
		};
		75C4F7F62BF369C200DD7B0E /* Sources */ = {
			isa = PBXSourcesBuildPhase;
			buildActionMask = 2147483647;
			files = (
				75C4F8012BF369C200DD7B0E /* FoodRecipeUITestsLaunchTests.swift in Sources */,
				75C4F7FF2BF369C200DD7B0E /* FoodRecipeUITests.swift in Sources */,
			);
			runOnlyForDeploymentPostprocessing = 0;
		};
/* End PBXSourcesBuildPhase section */

/* Begin PBXTargetDependency section */
		75C4F7F22BF369C200DD7B0E /* PBXTargetDependency */ = {
			isa = PBXTargetDependency;
			target = 75C4F7DF2BF369C100DD7B0E /* FoodRecipe */;
			targetProxy = 75C4F7F12BF369C200DD7B0E /* PBXContainerItemProxy */;
		};
		75C4F7FC2BF369C200DD7B0E /* PBXTargetDependency */ = {
			isa = PBXTargetDependency;
			target = 75C4F7DF2BF369C100DD7B0E /* FoodRecipe */;
			targetProxy = 75C4F7FB2BF369C200DD7B0E /* PBXContainerItemProxy */;
		};
/* End PBXTargetDependency section */

/* Begin XCBuildConfiguration section */
		75C4F8022BF369C200DD7B0E /* Debug */ = {
			isa = XCBuildConfiguration;
			buildSettings = {
				ALWAYS_SEARCH_USER_PATHS = NO;
				ASSETCATALOG_COMPILER_GENERATE_SWIFT_ASSET_SYMBOL_EXTENSIONS = YES;
				CLANG_ANALYZER_NONNULL = YES;
				CLANG_ANALYZER_NUMBER_OBJECT_CONVERSION = YES_AGGRESSIVE;
				CLANG_CXX_LANGUAGE_STANDARD = "gnu++20";
				CLANG_ENABLE_MODULES = YES;
				CLANG_ENABLE_OBJC_ARC = YES;
				CLANG_ENABLE_OBJC_WEAK = YES;
				CLANG_WARN_BLOCK_CAPTURE_AUTORELEASING = YES;
				CLANG_WARN_BOOL_CONVERSION = YES;
				CLANG_WARN_COMMA = YES;
				CLANG_WARN_CONSTANT_CONVERSION = YES;
				CLANG_WARN_DEPRECATED_OBJC_IMPLEMENTATIONS = YES;
				CLANG_WARN_DIRECT_OBJC_ISA_USAGE = YES_ERROR;
				CLANG_WARN_DOCUMENTATION_COMMENTS = YES;
				CLANG_WARN_EMPTY_BODY = YES;
				CLANG_WARN_ENUM_CONVERSION = YES;
				CLANG_WARN_INFINITE_RECURSION = YES;
				CLANG_WARN_INT_CONVERSION = YES;
				CLANG_WARN_NON_LITERAL_NULL_CONVERSION = YES;
				CLANG_WARN_OBJC_IMPLICIT_RETAIN_SELF = YES;
				CLANG_WARN_OBJC_LITERAL_CONVERSION = YES;
				CLANG_WARN_OBJC_ROOT_CLASS = YES_ERROR;
				CLANG_WARN_QUOTED_INCLUDE_IN_FRAMEWORK_HEADER = YES;
				CLANG_WARN_RANGE_LOOP_ANALYSIS = YES;
				CLANG_WARN_STRICT_PROTOTYPES = YES;
				CLANG_WARN_SUSPICIOUS_MOVE = YES;
				CLANG_WARN_UNGUARDED_AVAILABILITY = YES_AGGRESSIVE;
				CLANG_WARN_UNREACHABLE_CODE = YES;
				CLANG_WARN__DUPLICATE_METHOD_MATCH = YES;
				COPY_PHASE_STRIP = NO;
				DEBUG_INFORMATION_FORMAT = dwarf;
				ENABLE_STRICT_OBJC_MSGSEND = YES;
				ENABLE_TESTABILITY = YES;
				ENABLE_USER_SCRIPT_SANDBOXING = YES;
				GCC_C_LANGUAGE_STANDARD = gnu17;
				GCC_DYNAMIC_NO_PIC = NO;
				GCC_NO_COMMON_BLOCKS = YES;
				GCC_OPTIMIZATION_LEVEL = 0;
				GCC_PREPROCESSOR_DEFINITIONS = (
					"DEBUG=1",
					"$(inherited)",
				);
				GCC_WARN_64_TO_32_BIT_CONVERSION = YES;
				GCC_WARN_ABOUT_RETURN_TYPE = YES_ERROR;
				GCC_WARN_UNDECLARED_SELECTOR = YES;
				GCC_WARN_UNINITIALIZED_AUTOS = YES_AGGRESSIVE;
				GCC_WARN_UNUSED_FUNCTION = YES;
				GCC_WARN_UNUSED_VARIABLE = YES;
				IPHONEOS_DEPLOYMENT_TARGET = 17.4;
				LOCALIZATION_PREFERS_STRING_CATALOGS = YES;
				MTL_ENABLE_DEBUG_INFO = INCLUDE_SOURCE;
				MTL_FAST_MATH = YES;
				ONLY_ACTIVE_ARCH = YES;
				SDKROOT = iphoneos;
				SWIFT_ACTIVE_COMPILATION_CONDITIONS = "DEBUG $(inherited)";
				SWIFT_OPTIMIZATION_LEVEL = "-Onone";
			};
			name = Debug;
		};
		75C4F8032BF369C200DD7B0E /* Release */ = {
			isa = XCBuildConfiguration;
			buildSettings = {
				ALWAYS_SEARCH_USER_PATHS = NO;
				ASSETCATALOG_COMPILER_GENERATE_SWIFT_ASSET_SYMBOL_EXTENSIONS = YES;
				CLANG_ANALYZER_NONNULL = YES;
				CLANG_ANALYZER_NUMBER_OBJECT_CONVERSION = YES_AGGRESSIVE;
				CLANG_CXX_LANGUAGE_STANDARD = "gnu++20";
				CLANG_ENABLE_MODULES = YES;
				CLANG_ENABLE_OBJC_ARC = YES;
				CLANG_ENABLE_OBJC_WEAK = YES;
				CLANG_WARN_BLOCK_CAPTURE_AUTORELEASING = YES;
				CLANG_WARN_BOOL_CONVERSION = YES;
				CLANG_WARN_COMMA = YES;
				CLANG_WARN_CONSTANT_CONVERSION = YES;
				CLANG_WARN_DEPRECATED_OBJC_IMPLEMENTATIONS = YES;
				CLANG_WARN_DIRECT_OBJC_ISA_USAGE = YES_ERROR;
				CLANG_WARN_DOCUMENTATION_COMMENTS = YES;
				CLANG_WARN_EMPTY_BODY = YES;
				CLANG_WARN_ENUM_CONVERSION = YES;
				CLANG_WARN_INFINITE_RECURSION = YES;
				CLANG_WARN_INT_CONVERSION = YES;
				CLANG_WARN_NON_LITERAL_NULL_CONVERSION = YES;
				CLANG_WARN_OBJC_IMPLICIT_RETAIN_SELF = YES;
				CLANG_WARN_OBJC_LITERAL_CONVERSION = YES;
				CLANG_WARN_OBJC_ROOT_CLASS = YES_ERROR;
				CLANG_WARN_QUOTED_INCLUDE_IN_FRAMEWORK_HEADER = YES;
				CLANG_WARN_RANGE_LOOP_ANALYSIS = YES;
				CLANG_WARN_STRICT_PROTOTYPES = YES;
				CLANG_WARN_SUSPICIOUS_MOVE = YES;
				CLANG_WARN_UNGUARDED_AVAILABILITY = YES_AGGRESSIVE;
				CLANG_WARN_UNREACHABLE_CODE = YES;
				CLANG_WARN__DUPLICATE_METHOD_MATCH = YES;
				COPY_PHASE_STRIP = NO;
				DEBUG_INFORMATION_FORMAT = "dwarf-with-dsym";
				ENABLE_NS_ASSERTIONS = NO;
				ENABLE_STRICT_OBJC_MSGSEND = YES;
				ENABLE_USER_SCRIPT_SANDBOXING = YES;
				GCC_C_LANGUAGE_STANDARD = gnu17;
				GCC_NO_COMMON_BLOCKS = YES;
				GCC_WARN_64_TO_32_BIT_CONVERSION = YES;
				GCC_WARN_ABOUT_RETURN_TYPE = YES_ERROR;
				GCC_WARN_UNDECLARED_SELECTOR = YES;
				GCC_WARN_UNINITIALIZED_AUTOS = YES_AGGRESSIVE;
				GCC_WARN_UNUSED_FUNCTION = YES;
				GCC_WARN_UNUSED_VARIABLE = YES;
				IPHONEOS_DEPLOYMENT_TARGET = 17.4;
				LOCALIZATION_PREFERS_STRING_CATALOGS = YES;
				MTL_ENABLE_DEBUG_INFO = NO;
				MTL_FAST_MATH = YES;
				SDKROOT = iphoneos;
				SWIFT_COMPILATION_MODE = wholemodule;
				VALIDATE_PRODUCT = YES;
			};
			name = Release;
		};
		75C4F8052BF369C200DD7B0E /* Debug */ = {
			isa = XCBuildConfiguration;
			buildSettings = {
				ASSETCATALOG_COMPILER_APPICON_NAME = AppIcon;
				ASSETCATALOG_COMPILER_GLOBAL_ACCENT_COLOR_NAME = AccentColor;
				CODE_SIGN_STYLE = Automatic;
				CURRENT_PROJECT_VERSION = 1;
				DEVELOPMENT_ASSET_PATHS = "\"FoodRecipe/Preview Content\"";
				DEVELOPMENT_TEAM = 3S6VZNLLB3;
				ENABLE_PREVIEWS = YES;
				GENERATE_INFOPLIST_FILE = YES;
				INFOPLIST_FILE = FoodRecipe/Info.plist;
				INFOPLIST_KEY_CFBundleDisplayName = "";
				INFOPLIST_KEY_UIApplicationSceneManifest_Generation = YES;
				INFOPLIST_KEY_UIApplicationSupportsIndirectInputEvents = YES;
				INFOPLIST_KEY_UILaunchScreen_Generation = YES;
				INFOPLIST_KEY_UISupportedInterfaceOrientations_iPad = "UIInterfaceOrientationPortrait UIInterfaceOrientationPortraitUpsideDown UIInterfaceOrientationLandscapeLeft UIInterfaceOrientationLandscapeRight";
				INFOPLIST_KEY_UISupportedInterfaceOrientations_iPhone = "UIInterfaceOrientationPortrait UIInterfaceOrientationLandscapeLeft UIInterfaceOrientationLandscapeRight";
				LD_RUNPATH_SEARCH_PATHS = (
					"$(inherited)",
					"@executable_path/Frameworks",
				);
				MARKETING_VERSION = 1.0;
				PRODUCT_BUNDLE_IDENTIFIER = raulp.FoodRecipe;
				PRODUCT_NAME = "$(TARGET_NAME)";
				SWIFT_EMIT_LOC_STRINGS = YES;
				SWIFT_VERSION = 5.0;
				TARGETED_DEVICE_FAMILY = "1,2";
			};
			name = Debug;
		};
		75C4F8062BF369C200DD7B0E /* Release */ = {
			isa = XCBuildConfiguration;
			buildSettings = {
				ASSETCATALOG_COMPILER_APPICON_NAME = AppIcon;
				ASSETCATALOG_COMPILER_GLOBAL_ACCENT_COLOR_NAME = AccentColor;
				CODE_SIGN_STYLE = Automatic;
				CURRENT_PROJECT_VERSION = 1;
				DEVELOPMENT_ASSET_PATHS = "\"FoodRecipe/Preview Content\"";
				DEVELOPMENT_TEAM = 3S6VZNLLB3;
				ENABLE_PREVIEWS = YES;
				GENERATE_INFOPLIST_FILE = YES;
				INFOPLIST_FILE = FoodRecipe/Info.plist;
				INFOPLIST_KEY_CFBundleDisplayName = "";
				INFOPLIST_KEY_UIApplicationSceneManifest_Generation = YES;
				INFOPLIST_KEY_UIApplicationSupportsIndirectInputEvents = YES;
				INFOPLIST_KEY_UILaunchScreen_Generation = YES;
				INFOPLIST_KEY_UISupportedInterfaceOrientations_iPad = "UIInterfaceOrientationPortrait UIInterfaceOrientationPortraitUpsideDown UIInterfaceOrientationLandscapeLeft UIInterfaceOrientationLandscapeRight";
				INFOPLIST_KEY_UISupportedInterfaceOrientations_iPhone = "UIInterfaceOrientationPortrait UIInterfaceOrientationLandscapeLeft UIInterfaceOrientationLandscapeRight";
				LD_RUNPATH_SEARCH_PATHS = (
					"$(inherited)",
					"@executable_path/Frameworks",
				);
				MARKETING_VERSION = 1.0;
				PRODUCT_BUNDLE_IDENTIFIER = raulp.FoodRecipe;
				PRODUCT_NAME = "$(TARGET_NAME)";
				SWIFT_EMIT_LOC_STRINGS = YES;
				SWIFT_VERSION = 5.0;
				TARGETED_DEVICE_FAMILY = "1,2";
			};
			name = Release;
		};
		75C4F8082BF369C200DD7B0E /* Debug */ = {
			isa = XCBuildConfiguration;
			buildSettings = {
				ALWAYS_EMBED_SWIFT_STANDARD_LIBRARIES = YES;
				BUNDLE_LOADER = "$(TEST_HOST)";
				CODE_SIGN_STYLE = Automatic;
				CURRENT_PROJECT_VERSION = 1;
				DEVELOPMENT_TEAM = 3S6VZNLLB3;
				GENERATE_INFOPLIST_FILE = YES;
				IPHONEOS_DEPLOYMENT_TARGET = 17.4;
				MARKETING_VERSION = 1.0;
				PRODUCT_BUNDLE_IDENTIFIER = raulp.FoodRecipeTests;
				PRODUCT_NAME = "$(TARGET_NAME)";
				SWIFT_EMIT_LOC_STRINGS = NO;
				SWIFT_VERSION = 5.0;
				TARGETED_DEVICE_FAMILY = "1,2";
				TEST_HOST = "$(BUILT_PRODUCTS_DIR)/FoodRecipe.app/$(BUNDLE_EXECUTABLE_FOLDER_PATH)/FoodRecipe";
			};
			name = Debug;
		};
		75C4F8092BF369C200DD7B0E /* Release */ = {
			isa = XCBuildConfiguration;
			buildSettings = {
				ALWAYS_EMBED_SWIFT_STANDARD_LIBRARIES = YES;
				BUNDLE_LOADER = "$(TEST_HOST)";
				CODE_SIGN_STYLE = Automatic;
				CURRENT_PROJECT_VERSION = 1;
				DEVELOPMENT_TEAM = 3S6VZNLLB3;
				GENERATE_INFOPLIST_FILE = YES;
				IPHONEOS_DEPLOYMENT_TARGET = 17.4;
				MARKETING_VERSION = 1.0;
				PRODUCT_BUNDLE_IDENTIFIER = raulp.FoodRecipeTests;
				PRODUCT_NAME = "$(TARGET_NAME)";
				SWIFT_EMIT_LOC_STRINGS = NO;
				SWIFT_VERSION = 5.0;
				TARGETED_DEVICE_FAMILY = "1,2";
				TEST_HOST = "$(BUILT_PRODUCTS_DIR)/FoodRecipe.app/$(BUNDLE_EXECUTABLE_FOLDER_PATH)/FoodRecipe";
			};
			name = Release;
		};
		75C4F80B2BF369C200DD7B0E /* Debug */ = {
			isa = XCBuildConfiguration;
			buildSettings = {
				ALWAYS_EMBED_SWIFT_STANDARD_LIBRARIES = YES;
				CODE_SIGN_STYLE = Automatic;
				CURRENT_PROJECT_VERSION = 1;
				DEVELOPMENT_TEAM = 3S6VZNLLB3;
				GENERATE_INFOPLIST_FILE = YES;
				MARKETING_VERSION = 1.0;
				PRODUCT_BUNDLE_IDENTIFIER = raulp.FoodRecipeUITests;
				PRODUCT_NAME = "$(TARGET_NAME)";
				SWIFT_EMIT_LOC_STRINGS = NO;
				SWIFT_VERSION = 5.0;
				TARGETED_DEVICE_FAMILY = "1,2";
				TEST_TARGET_NAME = FoodRecipe;
			};
			name = Debug;
		};
		75C4F80C2BF369C200DD7B0E /* Release */ = {
			isa = XCBuildConfiguration;
			buildSettings = {
				ALWAYS_EMBED_SWIFT_STANDARD_LIBRARIES = YES;
				CODE_SIGN_STYLE = Automatic;
				CURRENT_PROJECT_VERSION = 1;
				DEVELOPMENT_TEAM = 3S6VZNLLB3;
				GENERATE_INFOPLIST_FILE = YES;
				MARKETING_VERSION = 1.0;
				PRODUCT_BUNDLE_IDENTIFIER = raulp.FoodRecipeUITests;
				PRODUCT_NAME = "$(TARGET_NAME)";
				SWIFT_EMIT_LOC_STRINGS = NO;
				SWIFT_VERSION = 5.0;
				TARGETED_DEVICE_FAMILY = "1,2";
				TEST_TARGET_NAME = FoodRecipe;
			};
			name = Release;
		};
/* End XCBuildConfiguration section */

/* Begin XCConfigurationList section */
		75C4F7DB2BF369C100DD7B0E /* Build configuration list for PBXProject "FoodRecipe" */ = {
			isa = XCConfigurationList;
			buildConfigurations = (
				75C4F8022BF369C200DD7B0E /* Debug */,
				75C4F8032BF369C200DD7B0E /* Release */,
			);
			defaultConfigurationIsVisible = 0;
			defaultConfigurationName = Release;
		};
		75C4F8042BF369C200DD7B0E /* Build configuration list for PBXNativeTarget "FoodRecipe" */ = {
			isa = XCConfigurationList;
			buildConfigurations = (
				75C4F8052BF369C200DD7B0E /* Debug */,
				75C4F8062BF369C200DD7B0E /* Release */,
			);
			defaultConfigurationIsVisible = 0;
			defaultConfigurationName = Release;
		};
		75C4F8072BF369C200DD7B0E /* Build configuration list for PBXNativeTarget "FoodRecipeTests" */ = {
			isa = XCConfigurationList;
			buildConfigurations = (
				75C4F8082BF369C200DD7B0E /* Debug */,
				75C4F8092BF369C200DD7B0E /* Release */,
			);
			defaultConfigurationIsVisible = 0;
			defaultConfigurationName = Release;
		};
		75C4F80A2BF369C200DD7B0E /* Build configuration list for PBXNativeTarget "FoodRecipeUITests" */ = {
			isa = XCConfigurationList;
			buildConfigurations = (
				75C4F80B2BF369C200DD7B0E /* Debug */,
				75C4F80C2BF369C200DD7B0E /* Release */,
			);
			defaultConfigurationIsVisible = 0;
			defaultConfigurationName = Release;
		};
/* End XCConfigurationList section */

/* Begin XCRemoteSwiftPackageReference section */
		75C1DAA32BF7C43800425D83 /* XCRemoteSwiftPackageReference "SVGKit" */ = {
			isa = XCRemoteSwiftPackageReference;
			repositoryURL = "https://github.com/SVGKit/SVGKit";
			requirement = {
				kind = upToNextMajorVersion;
				minimumVersion = 3.0.0;
			};
		};
		75C4F80F2BF36C5A00DD7B0E /* XCRemoteSwiftPackageReference "firebase-ios-sdk" */ = {
			isa = XCRemoteSwiftPackageReference;
			repositoryURL = "https://github.com/firebase/firebase-ios-sdk";
			requirement = {
				kind = upToNextMajorVersion;
				minimumVersion = 10.26.0;
			};
		};
/* End XCRemoteSwiftPackageReference section */

/* Begin XCSwiftPackageProductDependency section */
		7590C6D62BF4A3AF003F5F5C /* FirebaseAppDistribution-Beta */ = {
			isa = XCSwiftPackageProductDependency;
			package = 75C4F80F2BF36C5A00DD7B0E /* XCRemoteSwiftPackageReference "firebase-ios-sdk" */;
			productName = "FirebaseAppDistribution-Beta";
		};
		7590C6D82BF4A3AF003F5F5C /* FirebaseAuth */ = {
			isa = XCSwiftPackageProductDependency;
			package = 75C4F80F2BF36C5A00DD7B0E /* XCRemoteSwiftPackageReference "firebase-ios-sdk" */;
			productName = FirebaseAuth;
		};
		7590C6DA2BF4A3AF003F5F5C /* FirebaseAuthCombine-Community */ = {
			isa = XCSwiftPackageProductDependency;
			package = 75C4F80F2BF36C5A00DD7B0E /* XCRemoteSwiftPackageReference "firebase-ios-sdk" */;
			productName = "FirebaseAuthCombine-Community";
		};
		7590C6DC2BF4A3AF003F5F5C /* FirebaseCrashlytics */ = {
			isa = XCSwiftPackageProductDependency;
			package = 75C4F80F2BF36C5A00DD7B0E /* XCRemoteSwiftPackageReference "firebase-ios-sdk" */;
			productName = FirebaseCrashlytics;
		};
		7590C6DE2BF4A3AF003F5F5C /* FirebaseDatabase */ = {
			isa = XCSwiftPackageProductDependency;
			package = 75C4F80F2BF36C5A00DD7B0E /* XCRemoteSwiftPackageReference "firebase-ios-sdk" */;
			productName = FirebaseDatabase;
		};
		7590C6E02BF4A3AF003F5F5C /* FirebaseDatabaseSwift */ = {
			isa = XCSwiftPackageProductDependency;
			package = 75C4F80F2BF36C5A00DD7B0E /* XCRemoteSwiftPackageReference "firebase-ios-sdk" */;
			productName = FirebaseDatabaseSwift;
		};
		7590C6E22BF4A3AF003F5F5C /* FirebaseDynamicLinks */ = {
			isa = XCSwiftPackageProductDependency;
			package = 75C4F80F2BF36C5A00DD7B0E /* XCRemoteSwiftPackageReference "firebase-ios-sdk" */;
			productName = FirebaseDynamicLinks;
		};
		7590C6E42BF4A3AF003F5F5C /* FirebaseFirestore */ = {
			isa = XCSwiftPackageProductDependency;
			package = 75C4F80F2BF36C5A00DD7B0E /* XCRemoteSwiftPackageReference "firebase-ios-sdk" */;
			productName = FirebaseFirestore;
		};
		7590C6E62BF4A3AF003F5F5C /* FirebaseFirestoreCombine-Community */ = {
			isa = XCSwiftPackageProductDependency;
			package = 75C4F80F2BF36C5A00DD7B0E /* XCRemoteSwiftPackageReference "firebase-ios-sdk" */;
			productName = "FirebaseFirestoreCombine-Community";
		};
		7590C6E82BF4A3AF003F5F5C /* FirebaseFirestoreSwift */ = {
			isa = XCSwiftPackageProductDependency;
			package = 75C4F80F2BF36C5A00DD7B0E /* XCRemoteSwiftPackageReference "firebase-ios-sdk" */;
			productName = FirebaseFirestoreSwift;
		};
		7590C6EA2BF4A3AF003F5F5C /* FirebaseFunctions */ = {
			isa = XCSwiftPackageProductDependency;
			package = 75C4F80F2BF36C5A00DD7B0E /* XCRemoteSwiftPackageReference "firebase-ios-sdk" */;
			productName = FirebaseFunctions;
		};
		7590C6EC2BF4A3AF003F5F5C /* FirebaseFunctionsCombine-Community */ = {
			isa = XCSwiftPackageProductDependency;
			package = 75C4F80F2BF36C5A00DD7B0E /* XCRemoteSwiftPackageReference "firebase-ios-sdk" */;
			productName = "FirebaseFunctionsCombine-Community";
		};
		7590C6EE2BF4A3AF003F5F5C /* FirebaseInAppMessaging-Beta */ = {
			isa = XCSwiftPackageProductDependency;
			package = 75C4F80F2BF36C5A00DD7B0E /* XCRemoteSwiftPackageReference "firebase-ios-sdk" */;
			productName = "FirebaseInAppMessaging-Beta";
		};
		7590C6F02BF4A3AF003F5F5C /* FirebaseInAppMessagingSwift-Beta */ = {
			isa = XCSwiftPackageProductDependency;
			package = 75C4F80F2BF36C5A00DD7B0E /* XCRemoteSwiftPackageReference "firebase-ios-sdk" */;
			productName = "FirebaseInAppMessagingSwift-Beta";
		};
		7590C6F22BF4A3AF003F5F5C /* FirebaseInstallations */ = {
			isa = XCSwiftPackageProductDependency;
			package = 75C4F80F2BF36C5A00DD7B0E /* XCRemoteSwiftPackageReference "firebase-ios-sdk" */;
			productName = FirebaseInstallations;
		};
		7590C6F42BF4A3AF003F5F5C /* FirebaseMessaging */ = {
			isa = XCSwiftPackageProductDependency;
			package = 75C4F80F2BF36C5A00DD7B0E /* XCRemoteSwiftPackageReference "firebase-ios-sdk" */;
			productName = FirebaseMessaging;
		};
		7590C6F62BF4A3AF003F5F5C /* FirebaseMLModelDownloader */ = {
			isa = XCSwiftPackageProductDependency;
			package = 75C4F80F2BF36C5A00DD7B0E /* XCRemoteSwiftPackageReference "firebase-ios-sdk" */;
			productName = FirebaseMLModelDownloader;
		};
		7590C6F82BF4A3AF003F5F5C /* FirebasePerformance */ = {
			isa = XCSwiftPackageProductDependency;
			package = 75C4F80F2BF36C5A00DD7B0E /* XCRemoteSwiftPackageReference "firebase-ios-sdk" */;
			productName = FirebasePerformance;
		};
		7590C6FA2BF4A3AF003F5F5C /* FirebaseRemoteConfig */ = {
			isa = XCSwiftPackageProductDependency;
			package = 75C4F80F2BF36C5A00DD7B0E /* XCRemoteSwiftPackageReference "firebase-ios-sdk" */;
			productName = FirebaseRemoteConfig;
		};
		7590C6FC2BF4A3AF003F5F5C /* FirebaseRemoteConfigSwift */ = {
			isa = XCSwiftPackageProductDependency;
			package = 75C4F80F2BF36C5A00DD7B0E /* XCRemoteSwiftPackageReference "firebase-ios-sdk" */;
			productName = FirebaseRemoteConfigSwift;
		};
		7590C6FE2BF4A3AF003F5F5C /* FirebaseStorage */ = {
			isa = XCSwiftPackageProductDependency;
			package = 75C4F80F2BF36C5A00DD7B0E /* XCRemoteSwiftPackageReference "firebase-ios-sdk" */;
			productName = FirebaseStorage;
		};
		7590C7002BF4A3AF003F5F5C /* FirebaseStorageCombine-Community */ = {
			isa = XCSwiftPackageProductDependency;
			package = 75C4F80F2BF36C5A00DD7B0E /* XCRemoteSwiftPackageReference "firebase-ios-sdk" */;
			productName = "FirebaseStorageCombine-Community";
		};
		7590C7022BF4A3AF003F5F5C /* FirebaseVertexAI-Preview */ = {
			isa = XCSwiftPackageProductDependency;
			package = 75C4F80F2BF36C5A00DD7B0E /* XCRemoteSwiftPackageReference "firebase-ios-sdk" */;
			productName = "FirebaseVertexAI-Preview";
		};
		75C1DAA42BF7C43900425D83 /* SVGKit */ = {
			isa = XCSwiftPackageProductDependency;
			package = 75C1DAA32BF7C43800425D83 /* XCRemoteSwiftPackageReference "SVGKit" */;
			productName = SVGKit;
		};
		75C1DAA62BF7C43900425D83 /* SVGKitSwift */ = {
			isa = XCSwiftPackageProductDependency;
			package = 75C1DAA32BF7C43800425D83 /* XCRemoteSwiftPackageReference "SVGKit" */;
			productName = SVGKitSwift;
		};
		75C4F8102BF36C5A00DD7B0E /* FirebaseAnalytics */ = {
			isa = XCSwiftPackageProductDependency;
			package = 75C4F80F2BF36C5A00DD7B0E /* XCRemoteSwiftPackageReference "firebase-ios-sdk" */;
			productName = FirebaseAnalytics;
		};
		75C4F8122BF36C5A00DD7B0E /* FirebaseAnalyticsOnDeviceConversion */ = {
			isa = XCSwiftPackageProductDependency;
			package = 75C4F80F2BF36C5A00DD7B0E /* XCRemoteSwiftPackageReference "firebase-ios-sdk" */;
			productName = FirebaseAnalyticsOnDeviceConversion;
		};
		75C4F8142BF36C5A00DD7B0E /* FirebaseAnalyticsSwift */ = {
			isa = XCSwiftPackageProductDependency;
			package = 75C4F80F2BF36C5A00DD7B0E /* XCRemoteSwiftPackageReference "firebase-ios-sdk" */;
			productName = FirebaseAnalyticsSwift;
		};
		75C4F8162BF36C5A00DD7B0E /* FirebaseAnalyticsWithoutAdIdSupport */ = {
			isa = XCSwiftPackageProductDependency;
			package = 75C4F80F2BF36C5A00DD7B0E /* XCRemoteSwiftPackageReference "firebase-ios-sdk" */;
			productName = FirebaseAnalyticsWithoutAdIdSupport;
		};
		75C4F8182BF36C5A00DD7B0E /* FirebaseAppCheck */ = {
			isa = XCSwiftPackageProductDependency;
			package = 75C4F80F2BF36C5A00DD7B0E /* XCRemoteSwiftPackageReference "firebase-ios-sdk" */;
			productName = FirebaseAppCheck;
		};
/* End XCSwiftPackageProductDependency section */
	};
	rootObject = 75C4F7D82BF369C100DD7B0E /* Project object */;
}
